
Microsoft Visual Studio Solution File, Format Version 12.00
# Visual Studio Version 16
VisualStudioVersion = 16.0.31515.178
MinimumVisualStudioVersion = 10.0.40219.1
Project("{FAE04EC0-301F-11D3-BF4B-00C04F79EFBC}") = "Combine_news", "Combine_news\Combine_news.csproj", "{B777920C-4797-4D57-AAD2-2B05C9D053E4}"
EndProject
Global
	GlobalSection(SolutionConfigurationPlatforms) = preSolution
		Debug|Any CPU = Debug|Any CPU
		Release|Any CPU = Release|Any CPU
	EndGlobalSection
	GlobalSection(ProjectConfigurationPlatforms) = postSolution
		{B777920C-4797-4D57-AAD2-2B05C9D053E4}.Debug|Any CPU.ActiveCfg = Debug|Any CPU
		{B777920C-4797-4D57-AAD2-2B05C9D053E4}.Debug|Any CPU.Build.0 = Debug|Any CPU
		{B777920C-4797-4D57-AAD2-2B05C9D053E4}.Release|Any CPU.ActiveCfg = Release|Any CPU
		{B777920C-4797-4D57-AAD2-2B05C9D053E4}.Release|Any CPU.Build.0 = Release|Any CPU
	EndGlobalSection
	GlobalSection(SolutionProperties) = preSolution
		HideSolutionNode = FALSE
	EndGlobalSection
	GlobalSection(ExtensibilityGlobals) = postSolution
		SolutionGuid = {0AB2C5A7-8561-4C8E-A32A-06BB4A6D0D12}
	EndGlobalSection
EndGlobal
